{
  "name": "systemjs-plugin-sharepoint",
  "version": "0.0.11",
  "lockfileVersion": 1,
  "requires": true,
  "dependencies": {
    "@types/microsoft-ajax": {
      "version": "https://registry.npmjs.org/@types/microsoft-ajax/-/microsoft-ajax-0.0.31.tgz",
      "integrity": "sha1-XjwPndgjZvDqxlHbw2TOBBFcQNs="
    },
    "@types/sharepoint": {
      "version": "https://registry.npmjs.org/@types/sharepoint/-/sharepoint-2013.0.31.tgz",
      "integrity": "sha1-lcEJ1QD/62DDuKxFWsvkF9YVJkg=",
      "requires": {
        "@types/microsoft-ajax": "https://registry.npmjs.org/@types/microsoft-ajax/-/microsoft-ajax-0.0.31.tgz"
      }
    },
    "typescript": {
      "version": "2.5.2",
      "resolved": "https://registry.npmjs.org/typescript/-/typescript-2.5.2.tgz",
      "integrity": "sha1-A4qV99m7tCCxvzW6MdTFwd0//jQ=",
      "dev": true
    }
  }
}
